// !$*UTF8*$!
{
	archiveVersion = 1;
	classes = {
	};
	objectVersion = 50;
	objects = {

/* Begin PBXBuildFile section */
		C42D2FBA21FAB13E009EE472 /* MyConstant.swift in Sources */ = {isa = PBXBuildFile; fileRef = C42D2FB921FAB13E009EE472 /* MyConstant.swift */; };
		C42D2FBC21FAC02A009EE472 /* ServiceViewController.swift in Sources */ = {isa = PBXBuildFile; fileRef = C42D2FBB21FAC02A009EE472 /* ServiceViewController.swift */; };
		C4E3B43921F97AA0005F031B /* AppDelegate.swift in Sources */ = {isa = PBXBuildFile; fileRef = C4E3B43821F97AA0005F031B /* AppDelegate.swift */; };
		C4E3B43B21F97AA0005F031B /* ViewController.swift in Sources */ = {isa = PBXBuildFile; fileRef = C4E3B43A21F97AA0005F031B /* ViewController.swift */; };
		C4E3B43E21F97AA0005F031B /* Main.storyboard in Resources */ = {isa = PBXBuildFile; fileRef = C4E3B43C21F97AA0005F031B /* Main.storyboard */; };
		C4E3B44021F97AA2005F031B /* Assets.xcassets in Resources */ = {isa = PBXBuildFile; fileRef = C4E3B43F21F97AA2005F031B /* Assets.xcassets */; };
		C4E3B44321F97AA2005F031B /* LaunchScreen.storyboard in Resources */ = {isa = PBXBuildFile; fileRef = C4E3B44121F97AA2005F031B /* LaunchScreen.storyboard */; };
		C4E3B44B21F998BB005F031B /* RegisterViewController.swift in Sources */ = {isa = PBXBuildFile; fileRef = C4E3B44A21F998BB005F031B /* RegisterViewController.swift */; };
/* End PBXBuildFile section */

/* Begin PBXFileReference section */
		C42D2FB921FAB13E009EE472 /* MyConstant.swift */ = {isa = PBXFileReference; lastKnownFileType = sourcecode.swift; path = MyConstant.swift; sourceTree = "<group>"; };
		C42D2FBB21FAC02A009EE472 /* ServiceViewController.swift */ = {isa = PBXFileReference; lastKnownFileType = sourcecode.swift; path = ServiceViewController.swift; sourceTree = "<group>"; };
		C4E3B43521F97AA0005F031B /* UngService24Jan19.app */ = {isa = PBXFileReference; explicitFileType = wrapper.application; includeInIndex = 0; path = UngService24Jan19.app; sourceTree = BUILT_PRODUCTS_DIR; };
		C4E3B43821F97AA0005F031B /* AppDelegate.swift */ = {isa = PBXFileReference; lastKnownFileType = sourcecode.swift; path = AppDelegate.swift; sourceTree = "<group>"; };
		C4E3B43A21F97AA0005F031B /* ViewController.swift */ = {isa = PBXFileReference; lastKnownFileType = sourcecode.swift; path = ViewController.swift; sourceTree = "<group>"; };
		C4E3B43D21F97AA0005F031B /* Base */ = {isa = PBXFileReference; lastKnownFileType = file.storyboard; name = Base; path = Base.lproj/Main.storyboard; sourceTree = "<group>"; };
		C4E3B43F21F97AA2005F031B /* Assets.xcassets */ = {isa = PBXFileReference; lastKnownFileType = folder.assetcatalog; path = Assets.xcassets; sourceTree = "<group>"; };
		C4E3B44221F97AA2005F031B /* Base */ = {isa = PBXFileReference; lastKnownFileType = file.storyboard; name = Base; path = Base.lproj/LaunchScreen.storyboard; sourceTree = "<group>"; };
		C4E3B44421F97AA2005F031B /* Info.plist */ = {isa = PBXFileReference; lastKnownFileType = text.plist.xml; path = Info.plist; sourceTree = "<group>"; };
		C4E3B44A21F998BB005F031B /* RegisterViewController.swift */ = {isa = PBXFileReference; lastKnownFileType = sourcecode.swift; path = RegisterViewController.swift; sourceTree = "<group>"; };
/* End PBXFileReference section */

/* Begin PBXFrameworksBuildPhase section */
		C4E3B43221F97AA0005F031B /* Frameworks */ = {
			isa = PBXFrameworksBuildPhase;
			buildActionMask = 2147483647;
			files = (
			);
			runOnlyForDeploymentPostprocessing = 0;
		};
/* End PBXFrameworksBuildPhase section */

/* Begin PBXGroup section */
		C4E3B42C21F97AA0005F031B = {
			isa = PBXGroup;
			children = (
				C4E3B43721F97AA0005F031B /* UngService24Jan19 */,
				C4E3B43621F97AA0005F031B /* Products */,
			);
			sourceTree = "<group>";
		};
		C4E3B43621F97AA0005F031B /* Products */ = {
			isa = PBXGroup;
			children = (
				C4E3B43521F97AA0005F031B /* UngService24Jan19.app */,
			);
			name = Products;
			sourceTree = "<group>";
		};
		C4E3B43721F97AA0005F031B /* UngService24Jan19 */ = {
			isa = PBXGroup;
			children = (
				C4E3B43821F97AA0005F031B /* AppDelegate.swift */,
				C4E3B43A21F97AA0005F031B /* ViewController.swift */,
				C4E3B43C21F97AA0005F031B /* Main.storyboard */,
				C42D2FBB21FAC02A009EE472 /* ServiceViewController.swift */,
				C4E3B44A21F998BB005F031B /* RegisterViewController.swift */,
				C42D2FB921FAB13E009EE472 /* MyConstant.swift */,
				C4E3B43F21F97AA2005F031B /* Assets.xcassets */,
				C4E3B44121F97AA2005F031B /* LaunchScreen.storyboard */,
				C4E3B44421F97AA2005F031B /* Info.plist */,
			);
			path = UngService24Jan19;
			sourceTree = "<group>";
		};
/* End PBXGroup section */

/* Begin PBXNativeTarget section */
		C4E3B43421F97AA0005F031B /* UngService24Jan19 */ = {
			isa = PBXNativeTarget;
			buildConfigurationList = C4E3B44721F97AA2005F031B /* Build configuration list for PBXNativeTarget "UngService24Jan19" */;
			buildPhases = (
				C4E3B43121F97AA0005F031B /* Sources */,
				C4E3B43221F97AA0005F031B /* Frameworks */,
				C4E3B43321F97AA0005F031B /* Resources */,
			);
			buildRules = (
			);
			dependencies = (
			);
			name = UngService24Jan19;
			productName = UngService24Jan19;
			productReference = C4E3B43521F97AA0005F031B /* UngService24Jan19.app */;
			productType = "com.apple.product-type.application";
		};
/* End PBXNativeTarget section */

/* Begin PBXProject section */
		C4E3B42D21F97AA0005F031B /* Project object */ = {
			isa = PBXProject;
			attributes = {
				LastSwiftUpdateCheck = 1010;
				LastUpgradeCheck = 1010;
				ORGANIZATIONNAME = MasterUNG;
				TargetAttributes = {
					C4E3B43421F97AA0005F031B = {
						CreatedOnToolsVersion = 10.1;
					};
				};
			};
			buildConfigurationList = C4E3B43021F97AA0005F031B /* Build configuration list for PBXProject "UngService24Jan19" */;
			compatibilityVersion = "Xcode 9.3";
			developmentRegion = en;
			hasScannedForEncodings = 0;
			knownRegions = (
				en,
				Base,
			);
			mainGroup = C4E3B42C21F97AA0005F031B;
			productRefGroup = C4E3B43621F97AA0005F031B /* Products */;
			projectDirPath = "";
			projectRoot = "";
			targets = (
				C4E3B43421F97AA0005F031B /* UngService24Jan19 */,
			);
		};
/* End PBXProject section */

/* Begin PBXResourcesBuildPhase section */
		C4E3B43321F97AA0005F031B /* Resources */ = {
			isa = PBXResourcesBuildPhase;
			buildActionMask = 2147483647;
			files = (
				C4E3B44321F97AA2005F031B /* LaunchScreen.storyboard in Resources */,
				C4E3B44021F97AA2005F031B /* Assets.xcassets in Resources */,
				C4E3B43E21F97AA0005F031B /* Main.storyboard in Resources */,
			);
			runOnlyForDeploymentPostprocessing = 0;
		};
/* End PBXResourcesBuildPhase section */

/* Begin PBXSourcesBuildPhase section */
		C4E3B43121F97AA0005F031B /* Sources */ = {
			isa = PBXSourcesBuildPhase;
			buildActionMask = 2147483647;
			files = (
				C4E3B44B21F998BB005F031B /* RegisterViewController.swift in Sources */,
				C4E3B43B21F97AA0005F031B /* ViewController.swift in Sources */,
				C4E3B43921F97AA0005F031B /* AppDelegate.swift in Sources */,
				C42D2FBC21FAC02A009EE472 /* ServiceViewController.swift in Sources */,
				C42D2FBA21FAB13E009EE472 /* MyConstant.swift in Sources */,
			);
			runOnlyForDeploymentPostprocessing = 0;
		};
/* End PBXSourcesBuildPhase section */

/* Begin PBXVariantGroup section */
		C4E3B43C21F97AA0005F031B /* Main.storyboard */ = {
			isa = PBXVariantGroup;
			children = (
				C4E3B43D21F97AA0005F031B /* Base */,
			);
			name = Main.storyboard;
			sourceTree = "<group>";
		};
		C4E3B44121F97AA2005F031B /* LaunchScreen.storyboard */ = {
			isa = PBXVariantGroup;
			children = (
				C4E3B44221F97AA2005F031B /* Base */,
			);
			name = LaunchScreen.storyboard;
			sourceTree = "<group>";
		};
/* End PBXVariantGroup section */

/* Begin XCBuildConfiguration section */
		C4E3B44521F97AA2005F031B /* Debug */ = {
			isa = XCBuildConfiguration;
			buildSettings = {
				ALWAYS_SEARCH_USER_PATHS = NO;
				CLANG_ANALYZER_NONNULL = YES;
				CLANG_ANALYZER_NUMBER_OBJECT_CONVERSION = YES_AGGRESSIVE;
				CLANG_CXX_LANGUAGE_STANDARD = "gnu++14";
				CLANG_CXX_LIBRARY = "libc++";
				CLANG_ENABLE_MODULES = YES;
				CLANG_ENABLE_OBJC_ARC = YES;
				CLANG_ENABLE_OBJC_WEAK = YES;
				CLANG_WARN_BLOCK_CAPTURE_AUTORELEASING = YES;
				CLANG_WARN_BOOL_CONVERSION = YES;
				CLANG_WARN_COMMA = YES;
				CLANG_WARN_CONSTANT_CONVERSION = YES;
				CLANG_WARN_DEPRECATED_OBJC_IMPLEMENTATIONS = YES;
				CLANG_WARN_DIRECT_OBJC_ISA_USAGE = YES_ERROR;
				CLANG_WARN_DOCUMENTATION_COMMENTS = YES;
				CLANG_WARN_EMPTY_BODY = YES;
				CLANG_WARN_ENUM_CONVERSION = YES;
				CLANG_WARN_INFINITE_RECURSION = YES;
				CLANG_WARN_INT_CONVERSION = YES;
				CLANG_WARN_NON_LITERAL_NULL_CONVERSION = YES;
				CLANG_WARN_OBJC_IMPLICIT_RETAIN_SELF = YES;
				CLANG_WARN_OBJC_LITERAL_CONVERSION = YES;
				CLANG_WARN_OBJC_ROOT_CLASS = YES_ERROR;
				CLANG_WARN_RANGE_LOOP_ANALYSIS = YES;
				CLANG_WARN_STRICT_PROTOTYPES = YES;
				CLANG_WARN_SUSPICIOUS_MOVE = YES;
				CLANG_WARN_UNGUARDED_AVAILABILITY = YES_AGGRESSIVE;
				CLANG_WARN_UNREACHABLE_CODE = YES;
				CLANG_WARN__DUPLICATE_METHOD_MATCH = YES;
				CODE_SIGN_IDENTITY = "iPhone Developer";
				COPY_PHASE_STRIP = NO;
				DEBUG_INFORMATION_FORMAT = dwarf;
				ENABLE_STRICT_OBJC_MSGSEND = YES;
				ENABLE_TESTABILITY = YES;
				GCC_C_LANGUAGE_STANDARD = gnu11;
				GCC_DYNAMIC_NO_PIC = NO;
				GCC_NO_COMMON_BLOCKS = YES;
				GCC_OPTIMIZATION_LEVEL = 0;
				GCC_PREPROCESSOR_DEFINITIONS = (
					"DEBUG=1",
					"$(inherited)",
				);
				GCC_WARN_64_TO_32_BIT_CONVERSION = YES;
				GCC_WARN_ABOUT_RETURN_TYPE = YES_ERROR;
				GCC_WARN_UNDECLARED_SELECTOR = YES;
				GCC_WARN_UNINITIALIZED_AUTOS = YES_AGGRESSIVE;
				GCC_WARN_UNUSED_FUNCTION = YES;
				GCC_WARN_UNUSED_VARIABLE = YES;
				IPHONEOS_DEPLOYMENT_TARGET = 12.1;
				MTL_ENABLE_DEBUG_INFO = INCLUDE_SOURCE;
				MTL_FAST_MATH = YES;
				ONLY_ACTIVE_ARCH = YES;
				SDKROOT = iphoneos;
				SWIFT_ACTIVE_COMPILATION_CONDITIONS = DEBUG;
				SWIFT_OPTIMIZATION_LEVEL = "-Onone";
			};
			name = Debug;
		};
		C4E3B44621F97AA2005F031B /* Release */ = {
			isa = XCBuildConfiguration;
			buildSettings = {
				ALWAYS_SEARCH_USER_PATHS = NO;
				CLANG_ANALYZER_NONNULL = YES;
				CLANG_ANALYZER_NUMBER_OBJECT_CONVERSION = YES_AGGRESSIVE;
				CLANG_CXX_LANGUAGE_STANDARD = "gnu++14";
				CLANG_CXX_LIBRARY = "libc++";
				CLANG_ENABLE_MODULES = YES;
				CLANG_ENABLE_OBJC_ARC = YES;
				CLANG_ENABLE_OBJC_WEAK = YES;
				CLANG_WARN_BLOCK_CAPTURE_AUTORELEASING = YES;
				CLANG_WARN_BOOL_CONVERSION = YES;
				CLANG_WARN_COMMA = YES;
				CLANG_WARN_CONSTANT_CONVERSION = YES;
				CLANG_WARN_DEPRECATED_OBJC_IMPLEMENTATIONS = YES;
				CLANG_WARN_DIRECT_OBJC_ISA_USAGE = YES_ERROR;
				CLANG_WARN_DOCUMENTATION_COMMENTS = YES;
				CLANG_WARN_EMPTY_BODY = YES;
				CLANG_WARN_ENUM_CONVERSION = YES;
				CLANG_WARN_INFINITE_RECURSION = YES;
				CLANG_WARN_INT_CONVERSION = YES;
				CLANG_WARN_NON_LITERAL_NULL_CONVERSION = YES;
				CLANG_WARN_OBJC_IMPLICIT_RETAIN_SELF = YES;
				CLANG_WARN_OBJC_LITERAL_CONVERSION = YES;
				CLANG_WARN_OBJC_ROOT_CLASS = YES_ERROR;
				CLANG_WARN_RANGE_LOOP_ANALYSIS = YES;
				CLANG_WARN_STRICT_PROTOTYPES = YES;
				CLANG_WARN_SUSPICIOUS_MOVE = YES;
				CLANG_WARN_UNGUARDED_AVAILABILITY = YES_AGGRESSIVE;
				CLANG_WARN_UNREACHABLE_CODE = YES;
				CLANG_WARN__DUPLICATE_METHOD_MATCH = YES;
				CODE_SIGN_IDENTITY = "iPhone Developer";
				COPY_PHASE_STRIP = NO;
				DEBUG_INFORMATION_FORMAT = "dwarf-with-dsym";
				ENABLE_NS_ASSERTIONS = NO;
				ENABLE_STRICT_OBJC_MSGSEND = YES;
				GCC_C_LANGUAGE_STANDARD = gnu11;
				GCC_NO_COMMON_BLOCKS = YES;
				GCC_WARN_64_TO_32_BIT_CONVERSION = YES;
				GCC_WARN_ABOUT_RETURN_TYPE = YES_ERROR;
				GCC_WARN_UNDECLARED_SELECTOR = YES;
				GCC_WARN_UNINITIALIZED_AUTOS = YES_AGGRESSIVE;
				GCC_WARN_UNUSED_FUNCTION = YES;
				GCC_WARN_UNUSED_VARIABLE = YES;
				IPHONEOS_DEPLOYMENT_TARGET = 12.1;
				MTL_ENABLE_DEBUG_INFO = NO;
				MTL_FAST_MATH = YES;
				SDKROOT = iphoneos;
				SWIFT_COMPILATION_MODE = wholemodule;
				SWIFT_OPTIMIZATION_LEVEL = "-O";
				VALIDATE_PRODUCT = YES;
			};
			name = Release;
		};
		C4E3B44821F97AA2005F031B /* Debug */ = {
			isa = XCBuildConfiguration;
			buildSettings = {
				ASSETCATALOG_COMPILER_APPICON_NAME = AppIcon;
				CODE_SIGN_STYLE = Automatic;
				DEVELOPMENT_TEAM = YPS7X3KGS6;
				INFOPLIST_FILE = UngService24Jan19/Info.plist;
				LD_RUNPATH_SEARCH_PATHS = (
					"$(inherited)",
					"@executable_path/Frameworks",
				);
				PRODUCT_BUNDLE_IDENTIFIER = com.swiftcodingthai.UngService24Jan19;
				PRODUCT_NAME = "$(TARGET_NAME)";
				SWIFT_VERSION = 4.2;
				TARGETED_DEVICE_FAMILY = "1,2";
			};
			name = Debug;
		};
		C4E3B44921F97AA2005F031B /* Release */ = {
			isa = XCBuildConfiguration;
			buildSettings = {
				ASSETCATALOG_COMPILER_APPICON_NAME = AppIcon;
				CODE_SIGN_STYLE = Automatic;
				DEVELOPMENT_TEAM = YPS7X3KGS6;
				INFOPLIST_FILE = UngService24Jan19/Info.plist;
				LD_RUNPATH_SEARCH_PATHS = (
					"$(inherited)",
					"@executable_path/Frameworks",
				);
				PRODUCT_BUNDLE_IDENTIFIER = com.swiftcodingthai.UngService24Jan19;
				PRODUCT_NAME = "$(TARGET_NAME)";
				SWIFT_VERSION = 4.2;
				TARGETED_DEVICE_FAMILY = "1,2";
			};
			name = Release;
		};
/* End XCBuildConfiguration section */

/* Begin XCConfigurationList section */
		C4E3B43021F97AA0005F031B /* Build configuration list for PBXProject "UngService24Jan19" */ = {
			isa = XCConfigurationList;
			buildConfigurations = (
				C4E3B44521F97AA2005F031B /* Debug */,
				C4E3B44621F97AA2005F031B /* Release */,
			);
			defaultConfigurationIsVisible = 0;
			defaultConfigurationName = Release;
		};
		C4E3B44721F97AA2005F031B /* Build configuration list for PBXNativeTarget "UngService24Jan19" */ = {
			isa = XCConfigurationList;
			buildConfigurations = (
				C4E3B44821F97AA2005F031B /* Debug */,
				C4E3B44921F97AA2005F031B /* Release */,
			);
			defaultConfigurationIsVisible = 0;
			defaultConfigurationName = Release;
		};
/* End XCConfigurationList section */
	};
	rootObject = C4E3B42D21F97AA0005F031B /* Project object */;
}
